
Microsoft Visual Studio Solution File, Format Version 12.00
# Visual Studio Version 16
VisualStudioVersion = 16.0.30717.126
MinimumVisualStudioVersion = 10.0.40219.1
Project("{9A19103F-16F7-4668-BE54-9A1E7A4F7556}") = "KafkaTest", "KafkaTest.csproj", "{9472DCA5-9FAD-447D-A0EE-9C2885813273}"
EndProject
Global
	GlobalSection(SolutionConfigurationPlatforms) = preSolution
		Debug|Any CPU = Debug|Any CPU
		Release|Any CPU = Release|Any CPU
	EndGlobalSection
	GlobalSection(ProjectConfigurationPlatforms) = postSolution
		{9472DCA5-9FAD-447D-A0EE-9C2885813273}.Debug|Any CPU.ActiveCfg = Debug|Any CPU
		{9472DCA5-9FAD-447D-A0EE-9C2885813273}.Debug|Any CPU.Build.0 = Debug|Any CPU
		{9472DCA5-9FAD-447D-A0EE-9C2885813273}.Release|Any CPU.ActiveCfg = Release|Any CPU
		{9472DCA5-9FAD-447D-A0EE-9C2885813273}.Release|Any CPU.Build.0 = Release|Any CPU
	EndGlobalSection
	GlobalSection(SolutionProperties) = preSolution
		HideSolutionNode = FALSE
	EndGlobalSection
	GlobalSection(ExtensibilityGlobals) = postSolution
		SolutionGuid = {F7820770-6113-4373-8A9A-BA46E8490C59}
	EndGlobalSection
EndGlobal
